
Microsoft Visual Studio Solution File, Format Version 12.00
# Visual Studio Version 17
VisualStudioVersion = 17.7.34031.279
MinimumVisualStudioVersion = 10.0.40219.1
Project("{2150E333-8FDC-42A3-9474-1A3956D46DE8}") = "Services", "Services", "{A45D32AE-DA90-4A69-8D89-F77EED49F9DB}"
EndProject
Project("{FAE04EC0-301F-11D3-BF4B-00C04F79EFBC}") = "Product-service", "Product-service\Product-service.csproj", "{DC928949-33FD-4747-A93C-3B3211592154}"
EndProject
Project("{FAE04EC0-301F-11D3-BF4B-00C04F79EFBC}") = "User-service", "User-service\User-service.csproj", "{FDED3789-A0A9-4E4E-A76D-1085A4F190D2}"
EndProject
Global
	GlobalSection(SolutionConfigurationPlatforms) = preSolution
		Debug|Any CPU = Debug|Any CPU
		Release|Any CPU = Release|Any CPU
	EndGlobalSection
	GlobalSection(ProjectConfigurationPlatforms) = postSolution
		{DC928949-33FD-4747-A93C-3B3211592154}.Debug|Any CPU.ActiveCfg = Debug|Any CPU
		{DC928949-33FD-4747-A93C-3B3211592154}.Debug|Any CPU.Build.0 = Debug|Any CPU
		{DC928949-33FD-4747-A93C-3B3211592154}.Release|Any CPU.ActiveCfg = Release|Any CPU
		{DC928949-33FD-4747-A93C-3B3211592154}.Release|Any CPU.Build.0 = Release|Any CPU
		{FDED3789-A0A9-4E4E-A76D-1085A4F190D2}.Debug|Any CPU.ActiveCfg = Debug|Any CPU
		{FDED3789-A0A9-4E4E-A76D-1085A4F190D2}.Debug|Any CPU.Build.0 = Debug|Any CPU
		{FDED3789-A0A9-4E4E-A76D-1085A4F190D2}.Release|Any CPU.ActiveCfg = Release|Any CPU
		{FDED3789-A0A9-4E4E-A76D-1085A4F190D2}.Release|Any CPU.Build.0 = Release|Any CPU
	EndGlobalSection
	GlobalSection(SolutionProperties) = preSolution
		HideSolutionNode = FALSE
	EndGlobalSection
	GlobalSection(NestedProjects) = preSolution
		{DC928949-33FD-4747-A93C-3B3211592154} = {A45D32AE-DA90-4A69-8D89-F77EED49F9DB}
		{FDED3789-A0A9-4E4E-A76D-1085A4F190D2} = {A45D32AE-DA90-4A69-8D89-F77EED49F9DB}
	EndGlobalSection
	GlobalSection(ExtensibilityGlobals) = postSolution
		SolutionGuid = {53F3B7A2-127F-48B8-9666-E17D41F22543}
	EndGlobalSection
EndGlobal
